
Microsoft Visual Studio Solution File, Format Version 12.00
# Visual Studio Version 17
VisualStudioVersion = 17.4.32804.182
MinimumVisualStudioVersion = 10.0.40219.1
Project("{8BC9CEB8-8B4A-11D0-8D11-00A0C91BC942}") = "curve_intersection", "curve_intersection\curve_intersection.vcxproj", "{CFB5FEC6-B938-41F9-904E-05BDD53187EA}"
EndProject
Project("{8BC9CEB8-8B4A-11D0-8D11-00A0C91BC942}") = "test_interpolation", "test_interpolation\test_interpolation.vcxproj", "{10903616-6244-467C-A12C-73A144A4EEDE}"
EndProject
Global
	GlobalSection(SolutionConfigurationPlatforms) = preSolution
		Debug|x64 = Debug|x64
		Debug|x86 = Debug|x86
		Release|x64 = Release|x64
		Release|x86 = Release|x86
	EndGlobalSection
	GlobalSection(ProjectConfigurationPlatforms) = postSolution
		{CFB5FEC6-B938-41F9-904E-05BDD53187EA}.Debug|x64.ActiveCfg = Debug|x64
		{CFB5FEC6-B938-41F9-904E-05BDD53187EA}.Debug|x64.Build.0 = Debug|x64
		{CFB5FEC6-B938-41F9-904E-05BDD53187EA}.Debug|x86.ActiveCfg = Debug|Win32
		{CFB5FEC6-B938-41F9-904E-05BDD53187EA}.Debug|x86.Build.0 = Debug|Win32
		{CFB5FEC6-B938-41F9-904E-05BDD53187EA}.Release|x64.ActiveCfg = Release|x64
		{CFB5FEC6-B938-41F9-904E-05BDD53187EA}.Release|x64.Build.0 = Release|x64
		{CFB5FEC6-B938-41F9-904E-05BDD53187EA}.Release|x86.ActiveCfg = Release|Win32
		{CFB5FEC6-B938-41F9-904E-05BDD53187EA}.Release|x86.Build.0 = Release|Win32
		{10903616-6244-467C-A12C-73A144A4EEDE}.Debug|x64.ActiveCfg = Debug|x64
		{10903616-6244-467C-A12C-73A144A4EEDE}.Debug|x64.Build.0 = Debug|x64
		{10903616-6244-467C-A12C-73A144A4EEDE}.Debug|x86.ActiveCfg = Debug|Win32
		{10903616-6244-467C-A12C-73A144A4EEDE}.Debug|x86.Build.0 = Debug|Win32
		{10903616-6244-467C-A12C-73A144A4EEDE}.Release|x64.ActiveCfg = Release|x64
		{10903616-6244-467C-A12C-73A144A4EEDE}.Release|x64.Build.0 = Release|x64
		{10903616-6244-467C-A12C-73A144A4EEDE}.Release|x86.ActiveCfg = Release|Win32
		{10903616-6244-467C-A12C-73A144A4EEDE}.Release|x86.Build.0 = Release|Win32
	EndGlobalSection
	GlobalSection(SolutionProperties) = preSolution
		HideSolutionNode = FALSE
	EndGlobalSection
	GlobalSection(ExtensibilityGlobals) = postSolution
		SolutionGuid = {53102D59-7B49-4777-8601-FAC16CD751A6}
	EndGlobalSection
EndGlobal
